{
  "name": "your-bot",
  "version": "1.0.0",
  "lockfileVersion": 3,
  "requires": true,
  "dependencies": {
    "@whiskeysockets/baileys": {
      "version": "6.7.18",
      "resolved": "https://registry.npmjs.org/@whiskeysockets/baileys/-/baileys-6.7.18.tgz",
      "integrity": "sha512-..." // (optional: copy from your local file if you have one)
    }
  }
    }
